{
  "nodes": {
    "nixpkgs": {
      "locked": {
        "lastModified": 1761173472,
        "narHash": "sha256-m9W0dYXflzeGgKNravKJvTMR4Qqa2MVD11AwlGMufeE=",
        "owner": "NixOS",
        "repo": "nixpkgs",
        "rev": "c8aa8cc00a5cb57fada0851a038d35c08a36a2bb",
        "type": "github"
      },
      "original": {
        "owner": "NixOS",
        "ref": "nixos-25.05",
        "repo": "nixpkgs",
        "type": "github"
      }
    },
    "nixpkgs_2": {
      "locked": {
        "lastModified": 1733808091,
        "narHash": "sha256-KWwINTQelKOoQgrXftxoqxmKFZb9pLVfnRvK270nkVk=",
        "owner": "NixOS",
        "repo": "nixpkgs",
        "rev": "a0f3e10d94359665dba45b71b4227b0aeb851f8e",
        "type": "github"
      },
      "original": {
        "owner": "NixOS",
        "ref": "nixos-24.11",
        "repo": "nixpkgs",
        "type": "github"
      }
    },
    "root": {
      "inputs": {
        "nixpkgs": "nixpkgs",
        "ziti": "ziti"
      }
    },
    "ziti": {
      "inputs": {
        "nixpkgs": "nixpkgs_2"
      },
      "locked": {
        "lastModified": 1734006458,
        "narHash": "sha256-b8j6Waqxdc5BeOmg5X9KJ3ku43hjlUDvjF15gRa9XVQ=",
        "owner": "a-h",
        "repo": "nix-openziti",
        "rev": "464dd967af1de07a26c1a41d36066427cb1f151c",
        "type": "github"
      },
      "original": {
        "owner": "a-h",
        "repo": "nix-openziti",
        "type": "github"
      }
    }
  },
  "root": "root",
  "version": 7
}
